
Microsoft Visual Studio Solution File, Format Version 12.00
# Visual Studio Version 17
VisualStudioVersion = 17.8.34511.84
MinimumVisualStudioVersion = 10.0.40219.1
Project("{FAE04EC0-301F-11D3-BF4B-00C04F79EFBC}") = "CapaDatos", "CapaDatos\CapaDatos.csproj", "{81A6ADC9-0933-4B08-BF85-4CF2BD4B93EE}"
EndProject
Project("{FAE04EC0-301F-11D3-BF4B-00C04F79EFBC}") = "CapaNegocio", "CapaNegocio\CapaNegocio.csproj", "{AEA81FCE-08C6-48F2-BD99-E533CF753E4F}"
EndProject
Project("{FAE04EC0-301F-11D3-BF4B-00C04F79EFBC}") = "CapaPresentacion", "CapaPresentacion\CapaPresentacion.csproj", "{3F75358D-8EE5-499F-B7FF-8930C035EF23}"
EndProject
Global
	GlobalSection(SolutionConfigurationPlatforms) = preSolution
		Debug|Any CPU = Debug|Any CPU
		Release|Any CPU = Release|Any CPU
	EndGlobalSection
	GlobalSection(ProjectConfigurationPlatforms) = postSolution
		{81A6ADC9-0933-4B08-BF85-4CF2BD4B93EE}.Debug|Any CPU.ActiveCfg = Debug|Any CPU
		{81A6ADC9-0933-4B08-BF85-4CF2BD4B93EE}.Debug|Any CPU.Build.0 = Debug|Any CPU
		{81A6ADC9-0933-4B08-BF85-4CF2BD4B93EE}.Release|Any CPU.ActiveCfg = Release|Any CPU
		{81A6ADC9-0933-4B08-BF85-4CF2BD4B93EE}.Release|Any CPU.Build.0 = Release|Any CPU
		{AEA81FCE-08C6-48F2-BD99-E533CF753E4F}.Debug|Any CPU.ActiveCfg = Debug|Any CPU
		{AEA81FCE-08C6-48F2-BD99-E533CF753E4F}.Debug|Any CPU.Build.0 = Debug|Any CPU
		{AEA81FCE-08C6-48F2-BD99-E533CF753E4F}.Release|Any CPU.ActiveCfg = Release|Any CPU
		{AEA81FCE-08C6-48F2-BD99-E533CF753E4F}.Release|Any CPU.Build.0 = Release|Any CPU
		{3F75358D-8EE5-499F-B7FF-8930C035EF23}.Debug|Any CPU.ActiveCfg = Debug|Any CPU
		{3F75358D-8EE5-499F-B7FF-8930C035EF23}.Debug|Any CPU.Build.0 = Debug|Any CPU
		{3F75358D-8EE5-499F-B7FF-8930C035EF23}.Release|Any CPU.ActiveCfg = Release|Any CPU
		{3F75358D-8EE5-499F-B7FF-8930C035EF23}.Release|Any CPU.Build.0 = Release|Any CPU
	EndGlobalSection
	GlobalSection(SolutionProperties) = preSolution
		HideSolutionNode = FALSE
	EndGlobalSection
	GlobalSection(ExtensibilityGlobals) = postSolution
		SolutionGuid = {4433EA60-5BC7-4B86-B3CC-3F0202243D6C}
	EndGlobalSection
EndGlobal
